// !$*UTF8*$!
{
	archiveVersion = 1;
	classes = {
	};
	objectVersion = 56;
	objects = {

/* Begin PBXBuildFile section */
		CB2760A92D0C36AC0041E73A /* ImageLoader.swift in Sources */ = {isa = PBXBuildFile; fileRef = CB2760A82D0C36AC0041E73A /* ImageLoader.swift */; };
		CB2760AC2D0C399F0041E73A /* Banner.swift in Sources */ = {isa = PBXBuildFile; fileRef = CB2760AB2D0C399F0041E73A /* Banner.swift */; };
		CB71CB992D12D7D200C0D716 /* ProviderDelegate.swift in Sources */ = {isa = PBXBuildFile; fileRef = CB71CB942D12D7D100C0D716 /* ProviderDelegate.swift */; };
		CB71CB9A2D12D7D200C0D716 /* Call.swift in Sources */ = {isa = PBXBuildFile; fileRef = CB71CB952D12D7D100C0D716 /* Call.swift */; };
		CB71CB9B2D12D7D200C0D716 /* Audio.swift in Sources */ = {isa = PBXBuildFile; fileRef = CB71CB962D12D7D100C0D716 /* Audio.swift */; };
		CB71CB9C2D12D7D200C0D716 /* CallDirectoryHandler.swift in Sources */ = {isa = PBXBuildFile; fileRef = CB71CB972D12D7D100C0D716 /* CallDirectoryHandler.swift */; };
		CB71CB9D2D12D7D200C0D716 /* CallManager.swift in Sources */ = {isa = PBXBuildFile; fileRef = CB71CB982D12D7D100C0D716 /* CallManager.swift */; };
		CBB1A94C2CF4FD0000A77E9F /* AppDelegate.swift in Sources */ = {isa = PBXBuildFile; fileRef = CBB1A94B2CF4FD0000A77E9F /* AppDelegate.swift */; };
		CBB1A94E2CF4FD0000A77E9F /* SceneDelegate.swift in Sources */ = {isa = PBXBuildFile; fileRef = CBB1A94D2CF4FD0000A77E9F /* SceneDelegate.swift */; };
		CBB1A9502CF4FD0000A77E9F /* ViewController.swift in Sources */ = {isa = PBXBuildFile; fileRef = CBB1A94F2CF4FD0000A77E9F /* ViewController.swift */; };
		CBB1A9552CF4FD0400A77E9F /* Assets.xcassets in Resources */ = {isa = PBXBuildFile; fileRef = CBB1A9542CF4FD0400A77E9F /* Assets.xcassets */; };
		CBB1A9582CF4FD0400A77E9F /* LaunchScreen.storyboard in Resources */ = {isa = PBXBuildFile; fileRef = CBB1A9562CF4FD0400A77E9F /* LaunchScreen.storyboard */; };
		CBF547D42D088E56003FEE22 /* NetworkErrors.swift in Sources */ = {isa = PBXBuildFile; fileRef = CBF547CC2D088E56003FEE22 /* NetworkErrors.swift */; };
		CBF547D52D088E56003FEE22 /* NetworkManager.swift in Sources */ = {isa = PBXBuildFile; fileRef = CBF547CD2D088E56003FEE22 /* NetworkManager.swift */; };
		CBF547D62D088E56003FEE22 /* CharacterModel.swift in Sources */ = {isa = PBXBuildFile; fileRef = CBF547CE2D088E56003FEE22 /* CharacterModel.swift */; };
		CBF547D72D088E56003FEE22 /* Endpoint.swift in Sources */ = {isa = PBXBuildFile; fileRef = CBF547CF2D088E56003FEE22 /* Endpoint.swift */; };
		CBF547D82D088E56003FEE22 /* CheckPhoneNumberIntent.swift in Sources */ = {isa = PBXBuildFile; fileRef = CBF547D12D088E56003FEE22 /* CheckPhoneNumberIntent.swift */; };
		CBF547D92D088E56003FEE22 /* CheckNumberService.swift in Sources */ = {isa = PBXBuildFile; fileRef = CBF547D32D088E56003FEE22 /* CheckNumberService.swift */; };
		CBF547DC2D088F99003FEE22 /* ShortcutsURL.swift in Sources */ = {isa = PBXBuildFile; fileRef = CBF547DB2D088F99003FEE22 /* ShortcutsURL.swift */; };
/* End PBXBuildFile section */

/* Begin PBXFileReference section */
		CB2760A82D0C36AC0041E73A /* ImageLoader.swift */ = {isa = PBXFileReference; lastKnownFileType = sourcecode.swift; path = ImageLoader.swift; sourceTree = "<group>"; };
		CB2760AB2D0C399F0041E73A /* Banner.swift */ = {isa = PBXFileReference; lastKnownFileType = sourcecode.swift; path = Banner.swift; sourceTree = "<group>"; };
		CB71CB942D12D7D100C0D716 /* ProviderDelegate.swift */ = {isa = PBXFileReference; fileEncoding = 4; lastKnownFileType = sourcecode.swift; path = ProviderDelegate.swift; sourceTree = "<group>"; };
		CB71CB952D12D7D100C0D716 /* Call.swift */ = {isa = PBXFileReference; fileEncoding = 4; lastKnownFileType = sourcecode.swift; path = Call.swift; sourceTree = "<group>"; };
		CB71CB962D12D7D100C0D716 /* Audio.swift */ = {isa = PBXFileReference; fileEncoding = 4; lastKnownFileType = sourcecode.swift; path = Audio.swift; sourceTree = "<group>"; };
		CB71CB972D12D7D100C0D716 /* CallDirectoryHandler.swift */ = {isa = PBXFileReference; fileEncoding = 4; lastKnownFileType = sourcecode.swift; path = CallDirectoryHandler.swift; sourceTree = "<group>"; };
		CB71CB982D12D7D100C0D716 /* CallManager.swift */ = {isa = PBXFileReference; fileEncoding = 4; lastKnownFileType = sourcecode.swift; path = CallManager.swift; sourceTree = "<group>"; };
		CBB1A9482CF4FD0000A77E9F /* ScreenCheckerPrototype.app */ = {isa = PBXFileReference; explicitFileType = wrapper.application; includeInIndex = 0; path = ScreenCheckerPrototype.app; sourceTree = BUILT_PRODUCTS_DIR; };
		CBB1A94B2CF4FD0000A77E9F /* AppDelegate.swift */ = {isa = PBXFileReference; lastKnownFileType = sourcecode.swift; path = AppDelegate.swift; sourceTree = "<group>"; };
		CBB1A94D2CF4FD0000A77E9F /* SceneDelegate.swift */ = {isa = PBXFileReference; lastKnownFileType = sourcecode.swift; path = SceneDelegate.swift; sourceTree = "<group>"; };
		CBB1A94F2CF4FD0000A77E9F /* ViewController.swift */ = {isa = PBXFileReference; lastKnownFileType = sourcecode.swift; path = ViewController.swift; sourceTree = "<group>"; };
		CBB1A9542CF4FD0400A77E9F /* Assets.xcassets */ = {isa = PBXFileReference; lastKnownFileType = folder.assetcatalog; path = Assets.xcassets; sourceTree = "<group>"; };
		CBB1A9572CF4FD0400A77E9F /* Base */ = {isa = PBXFileReference; lastKnownFileType = file.storyboard; name = Base; path = Base.lproj/LaunchScreen.storyboard; sourceTree = "<group>"; };
		CBB1A9592CF4FD0400A77E9F /* Info.plist */ = {isa = PBXFileReference; lastKnownFileType = text.plist.xml; path = Info.plist; sourceTree = "<group>"; };
		CBF547CC2D088E56003FEE22 /* NetworkErrors.swift */ = {isa = PBXFileReference; fileEncoding = 4; lastKnownFileType = sourcecode.swift; path = NetworkErrors.swift; sourceTree = "<group>"; };
		CBF547CD2D088E56003FEE22 /* NetworkManager.swift */ = {isa = PBXFileReference; fileEncoding = 4; lastKnownFileType = sourcecode.swift; path = NetworkManager.swift; sourceTree = "<group>"; };
		CBF547CE2D088E56003FEE22 /* CharacterModel.swift */ = {isa = PBXFileReference; fileEncoding = 4; lastKnownFileType = sourcecode.swift; path = CharacterModel.swift; sourceTree = "<group>"; };
		CBF547CF2D088E56003FEE22 /* Endpoint.swift */ = {isa = PBXFileReference; fileEncoding = 4; lastKnownFileType = sourcecode.swift; path = Endpoint.swift; sourceTree = "<group>"; };
		CBF547D12D088E56003FEE22 /* CheckPhoneNumberIntent.swift */ = {isa = PBXFileReference; fileEncoding = 4; lastKnownFileType = sourcecode.swift; path = CheckPhoneNumberIntent.swift; sourceTree = "<group>"; };
		CBF547D32D088E56003FEE22 /* CheckNumberService.swift */ = {isa = PBXFileReference; fileEncoding = 4; lastKnownFileType = sourcecode.swift; path = CheckNumberService.swift; sourceTree = "<group>"; };
		CBF547DB2D088F99003FEE22 /* ShortcutsURL.swift */ = {isa = PBXFileReference; lastKnownFileType = sourcecode.swift; path = ShortcutsURL.swift; sourceTree = "<group>"; };
/* End PBXFileReference section */

/* Begin PBXFrameworksBuildPhase section */
		CBB1A9452CF4FD0000A77E9F /* Frameworks */ = {
			isa = PBXFrameworksBuildPhase;
			buildActionMask = 2147483647;
			files = (
			);
			runOnlyForDeploymentPostprocessing = 0;
		};
/* End PBXFrameworksBuildPhase section */

/* Begin PBXGroup section */
		CB2760AA2D0C398A0041E73A /* Views */ = {
			isa = PBXGroup;
			children = (
				CB2760AB2D0C399F0041E73A /* Banner.swift */,
			);
			path = Views;
			sourceTree = "<group>";
		};
		CB71CB892D1201AB00C0D716 /* CallForTest */ = {
			isa = PBXGroup;
			children = (
				CB71CB962D12D7D100C0D716 /* Audio.swift */,
				CB71CB952D12D7D100C0D716 /* Call.swift */,
				CB71CB972D12D7D100C0D716 /* CallDirectoryHandler.swift */,
				CB71CB982D12D7D100C0D716 /* CallManager.swift */,
				CB71CB942D12D7D100C0D716 /* ProviderDelegate.swift */,
			);
			path = CallForTest;
			sourceTree = "<group>";
		};
		CBB1A93F2CF4FD0000A77E9F = {
			isa = PBXGroup;
			children = (
				CBB1A94A2CF4FD0000A77E9F /* ScreenCheckerPrototype */,
				CBB1A9492CF4FD0000A77E9F /* Products */,
			);
			sourceTree = "<group>";
		};
		CBB1A9492CF4FD0000A77E9F /* Products */ = {
			isa = PBXGroup;
			children = (
				CBB1A9482CF4FD0000A77E9F /* ScreenCheckerPrototype.app */,
			);
			name = Products;
			sourceTree = "<group>";
		};
		CBB1A94A2CF4FD0000A77E9F /* ScreenCheckerPrototype */ = {
			isa = PBXGroup;
			children = (
				CBF547DA2D088EE0003FEE22 /* App */,
				CB2760AA2D0C398A0041E73A /* Views */,
				CBF547D02D088E56003FEE22 /* Intents */,
				CBF547CB2D088E56003FEE22 /* Network */,
				CBF547D22D088E56003FEE22 /* Service */,
				CBB1A94F2CF4FD0000A77E9F /* ViewController.swift */,
			);
			path = ScreenCheckerPrototype;
			sourceTree = "<group>";
		};
		CBF547CB2D088E56003FEE22 /* Network */ = {
			isa = PBXGroup;
			children = (
				CBF547CD2D088E56003FEE22 /* NetworkManager.swift */,
				CBF547CE2D088E56003FEE22 /* CharacterModel.swift */,
				CBF547CC2D088E56003FEE22 /* NetworkErrors.swift */,
				CBF547CF2D088E56003FEE22 /* Endpoint.swift */,
			);
			path = Network;
			sourceTree = "<group>";
		};
		CBF547D02D088E56003FEE22 /* Intents */ = {
			isa = PBXGroup;
			children = (
				CBF547D12D088E56003FEE22 /* CheckPhoneNumberIntent.swift */,
				CBF547DB2D088F99003FEE22 /* ShortcutsURL.swift */,
			);
			path = Intents;
			sourceTree = "<group>";
		};
		CBF547D22D088E56003FEE22 /* Service */ = {
			isa = PBXGroup;
			children = (
				CBF547D32D088E56003FEE22 /* CheckNumberService.swift */,
				CB2760A82D0C36AC0041E73A /* ImageLoader.swift */,
				CB71CB892D1201AB00C0D716 /* CallForTest */,
			);
			path = Service;
			sourceTree = "<group>";
		};
		CBF547DA2D088EE0003FEE22 /* App */ = {
			isa = PBXGroup;
			children = (
				CBB1A94B2CF4FD0000A77E9F /* AppDelegate.swift */,
				CBB1A94D2CF4FD0000A77E9F /* SceneDelegate.swift */,
				CBB1A9562CF4FD0400A77E9F /* LaunchScreen.storyboard */,
				CBB1A9542CF4FD0400A77E9F /* Assets.xcassets */,
				CBB1A9592CF4FD0400A77E9F /* Info.plist */,
			);
			path = App;
			sourceTree = "<group>";
		};
/* End PBXGroup section */

/* Begin PBXNativeTarget section */
		CBB1A9472CF4FD0000A77E9F /* ScreenCheckerPrototype */ = {
			isa = PBXNativeTarget;
			buildConfigurationList = CBB1A95C2CF4FD0400A77E9F /* Build configuration list for PBXNativeTarget "ScreenCheckerPrototype" */;
			buildPhases = (
				CBB1A9442CF4FD0000A77E9F /* Sources */,
				CBB1A9452CF4FD0000A77E9F /* Frameworks */,
				CBB1A9462CF4FD0000A77E9F /* Resources */,
			);
			buildRules = (
			);
			dependencies = (
			);
			name = ScreenCheckerPrototype;
			productName = ScreenCheckerPrototype;
			productReference = CBB1A9482CF4FD0000A77E9F /* ScreenCheckerPrototype.app */;
			productType = "com.apple.product-type.application";
		};
/* End PBXNativeTarget section */

/* Begin PBXProject section */
		CBB1A9402CF4FD0000A77E9F /* Project object */ = {
			isa = PBXProject;
			attributes = {
				BuildIndependentTargetsInParallel = 1;
				LastSwiftUpdateCheck = 1520;
				LastUpgradeCheck = 1520;
				TargetAttributes = {
					CBB1A9472CF4FD0000A77E9F = {
						CreatedOnToolsVersion = 15.2;
					};
				};
			};
			buildConfigurationList = CBB1A9432CF4FD0000A77E9F /* Build configuration list for PBXProject "ScreenCheckerPrototype" */;
			compatibilityVersion = "Xcode 14.0";
			developmentRegion = en;
			hasScannedForEncodings = 0;
			knownRegions = (
				en,
				Base,
			);
			mainGroup = CBB1A93F2CF4FD0000A77E9F;
			productRefGroup = CBB1A9492CF4FD0000A77E9F /* Products */;
			projectDirPath = "";
			projectRoot = "";
			targets = (
				CBB1A9472CF4FD0000A77E9F /* ScreenCheckerPrototype */,
			);
		};
/* End PBXProject section */

/* Begin PBXResourcesBuildPhase section */
		CBB1A9462CF4FD0000A77E9F /* Resources */ = {
			isa = PBXResourcesBuildPhase;
			buildActionMask = 2147483647;
			files = (
				CBB1A9582CF4FD0400A77E9F /* LaunchScreen.storyboard in Resources */,
				CBB1A9552CF4FD0400A77E9F /* Assets.xcassets in Resources */,
			);
			runOnlyForDeploymentPostprocessing = 0;
		};
/* End PBXResourcesBuildPhase section */

/* Begin PBXSourcesBuildPhase section */
		CBB1A9442CF4FD0000A77E9F /* Sources */ = {
			isa = PBXSourcesBuildPhase;
			buildActionMask = 2147483647;
			files = (
				CBF547D72D088E56003FEE22 /* Endpoint.swift in Sources */,
				CBB1A9502CF4FD0000A77E9F /* ViewController.swift in Sources */,
				CBF547D82D088E56003FEE22 /* CheckPhoneNumberIntent.swift in Sources */,
				CB71CB992D12D7D200C0D716 /* ProviderDelegate.swift in Sources */,
				CB71CB9C2D12D7D200C0D716 /* CallDirectoryHandler.swift in Sources */,
				CBF547D92D088E56003FEE22 /* CheckNumberService.swift in Sources */,
				CB71CB9A2D12D7D200C0D716 /* Call.swift in Sources */,
				CBF547D42D088E56003FEE22 /* NetworkErrors.swift in Sources */,
				CB2760AC2D0C399F0041E73A /* Banner.swift in Sources */,
				CB2760A92D0C36AC0041E73A /* ImageLoader.swift in Sources */,
				CB71CB9B2D12D7D200C0D716 /* Audio.swift in Sources */,
				CBF547DC2D088F99003FEE22 /* ShortcutsURL.swift in Sources */,
				CBF547D52D088E56003FEE22 /* NetworkManager.swift in Sources */,
				CBF547D62D088E56003FEE22 /* CharacterModel.swift in Sources */,
				CBB1A94C2CF4FD0000A77E9F /* AppDelegate.swift in Sources */,
				CBB1A94E2CF4FD0000A77E9F /* SceneDelegate.swift in Sources */,
				CB71CB9D2D12D7D200C0D716 /* CallManager.swift in Sources */,
			);
			runOnlyForDeploymentPostprocessing = 0;
		};
/* End PBXSourcesBuildPhase section */

/* Begin PBXVariantGroup section */
		CBB1A9562CF4FD0400A77E9F /* LaunchScreen.storyboard */ = {
			isa = PBXVariantGroup;
			children = (
				CBB1A9572CF4FD0400A77E9F /* Base */,
			);
			name = LaunchScreen.storyboard;
			sourceTree = "<group>";
		};
/* End PBXVariantGroup section */

/* Begin XCBuildConfiguration section */
		CBB1A95A2CF4FD0400A77E9F /* Debug */ = {
			isa = XCBuildConfiguration;
			buildSettings = {
				ALWAYS_SEARCH_USER_PATHS = NO;
				ASSETCATALOG_COMPILER_GENERATE_SWIFT_ASSET_SYMBOL_EXTENSIONS = YES;
				CLANG_ANALYZER_NONNULL = YES;
				CLANG_ANALYZER_NUMBER_OBJECT_CONVERSION = YES_AGGRESSIVE;
				CLANG_CXX_LANGUAGE_STANDARD = "gnu++20";
				CLANG_ENABLE_MODULES = YES;
				CLANG_ENABLE_OBJC_ARC = YES;
				CLANG_ENABLE_OBJC_WEAK = YES;
				CLANG_WARN_BLOCK_CAPTURE_AUTORELEASING = YES;
				CLANG_WARN_BOOL_CONVERSION = YES;
				CLANG_WARN_COMMA = YES;
				CLANG_WARN_CONSTANT_CONVERSION = YES;
				CLANG_WARN_DEPRECATED_OBJC_IMPLEMENTATIONS = YES;
				CLANG_WARN_DIRECT_OBJC_ISA_USAGE = YES_ERROR;
				CLANG_WARN_DOCUMENTATION_COMMENTS = YES;
				CLANG_WARN_EMPTY_BODY = YES;
				CLANG_WARN_ENUM_CONVERSION = YES;
				CLANG_WARN_INFINITE_RECURSION = YES;
				CLANG_WARN_INT_CONVERSION = YES;
				CLANG_WARN_NON_LITERAL_NULL_CONVERSION = YES;
				CLANG_WARN_OBJC_IMPLICIT_RETAIN_SELF = YES;
				CLANG_WARN_OBJC_LITERAL_CONVERSION = YES;
				CLANG_WARN_OBJC_ROOT_CLASS = YES_ERROR;
				CLANG_WARN_QUOTED_INCLUDE_IN_FRAMEWORK_HEADER = YES;
				CLANG_WARN_RANGE_LOOP_ANALYSIS = YES;
				CLANG_WARN_STRICT_PROTOTYPES = YES;
				CLANG_WARN_SUSPICIOUS_MOVE = YES;
				CLANG_WARN_UNGUARDED_AVAILABILITY = YES_AGGRESSIVE;
				CLANG_WARN_UNREACHABLE_CODE = YES;
				CLANG_WARN__DUPLICATE_METHOD_MATCH = YES;
				COPY_PHASE_STRIP = NO;
				DEBUG_INFORMATION_FORMAT = dwarf;
				ENABLE_STRICT_OBJC_MSGSEND = YES;
				ENABLE_TESTABILITY = YES;
				ENABLE_USER_SCRIPT_SANDBOXING = YES;
				GCC_C_LANGUAGE_STANDARD = gnu17;
				GCC_DYNAMIC_NO_PIC = NO;
				GCC_NO_COMMON_BLOCKS = YES;
				GCC_OPTIMIZATION_LEVEL = 0;
				GCC_PREPROCESSOR_DEFINITIONS = (
					"DEBUG=1",
					"$(inherited)",
				);
				GCC_WARN_64_TO_32_BIT_CONVERSION = YES;
				GCC_WARN_ABOUT_RETURN_TYPE = YES_ERROR;
				GCC_WARN_UNDECLARED_SELECTOR = YES;
				GCC_WARN_UNINITIALIZED_AUTOS = YES_AGGRESSIVE;
				GCC_WARN_UNUSED_FUNCTION = YES;
				GCC_WARN_UNUSED_VARIABLE = YES;
				IPHONEOS_DEPLOYMENT_TARGET = 17.2;
				LOCALIZATION_PREFERS_STRING_CATALOGS = YES;
				MTL_ENABLE_DEBUG_INFO = INCLUDE_SOURCE;
				MTL_FAST_MATH = YES;
				ONLY_ACTIVE_ARCH = YES;
				SDKROOT = iphoneos;
				SWIFT_ACTIVE_COMPILATION_CONDITIONS = "DEBUG $(inherited)";
				SWIFT_OPTIMIZATION_LEVEL = "-Onone";
			};
			name = Debug;
		};
		CBB1A95B2CF4FD0400A77E9F /* Release */ = {
			isa = XCBuildConfiguration;
			buildSettings = {
				ALWAYS_SEARCH_USER_PATHS = NO;
				ASSETCATALOG_COMPILER_GENERATE_SWIFT_ASSET_SYMBOL_EXTENSIONS = YES;
				CLANG_ANALYZER_NONNULL = YES;
				CLANG_ANALYZER_NUMBER_OBJECT_CONVERSION = YES_AGGRESSIVE;
				CLANG_CXX_LANGUAGE_STANDARD = "gnu++20";
				CLANG_ENABLE_MODULES = YES;
				CLANG_ENABLE_OBJC_ARC = YES;
				CLANG_ENABLE_OBJC_WEAK = YES;
				CLANG_WARN_BLOCK_CAPTURE_AUTORELEASING = YES;
				CLANG_WARN_BOOL_CONVERSION = YES;
				CLANG_WARN_COMMA = YES;
				CLANG_WARN_CONSTANT_CONVERSION = YES;
				CLANG_WARN_DEPRECATED_OBJC_IMPLEMENTATIONS = YES;
				CLANG_WARN_DIRECT_OBJC_ISA_USAGE = YES_ERROR;
				CLANG_WARN_DOCUMENTATION_COMMENTS = YES;
				CLANG_WARN_EMPTY_BODY = YES;
				CLANG_WARN_ENUM_CONVERSION = YES;
				CLANG_WARN_INFINITE_RECURSION = YES;
				CLANG_WARN_INT_CONVERSION = YES;
				CLANG_WARN_NON_LITERAL_NULL_CONVERSION = YES;
				CLANG_WARN_OBJC_IMPLICIT_RETAIN_SELF = YES;
				CLANG_WARN_OBJC_LITERAL_CONVERSION = YES;
				CLANG_WARN_OBJC_ROOT_CLASS = YES_ERROR;
				CLANG_WARN_QUOTED_INCLUDE_IN_FRAMEWORK_HEADER = YES;
				CLANG_WARN_RANGE_LOOP_ANALYSIS = YES;
				CLANG_WARN_STRICT_PROTOTYPES = YES;
				CLANG_WARN_SUSPICIOUS_MOVE = YES;
				CLANG_WARN_UNGUARDED_AVAILABILITY = YES_AGGRESSIVE;
				CLANG_WARN_UNREACHABLE_CODE = YES;
				CLANG_WARN__DUPLICATE_METHOD_MATCH = YES;
				COPY_PHASE_STRIP = NO;
				DEBUG_INFORMATION_FORMAT = "dwarf-with-dsym";
				ENABLE_NS_ASSERTIONS = NO;
				ENABLE_STRICT_OBJC_MSGSEND = YES;
				ENABLE_USER_SCRIPT_SANDBOXING = YES;
				GCC_C_LANGUAGE_STANDARD = gnu17;
				GCC_NO_COMMON_BLOCKS = YES;
				GCC_WARN_64_TO_32_BIT_CONVERSION = YES;
				GCC_WARN_ABOUT_RETURN_TYPE = YES_ERROR;
				GCC_WARN_UNDECLARED_SELECTOR = YES;
				GCC_WARN_UNINITIALIZED_AUTOS = YES_AGGRESSIVE;
				GCC_WARN_UNUSED_FUNCTION = YES;
				GCC_WARN_UNUSED_VARIABLE = YES;
				IPHONEOS_DEPLOYMENT_TARGET = 17.2;
				LOCALIZATION_PREFERS_STRING_CATALOGS = YES;
				MTL_ENABLE_DEBUG_INFO = NO;
				MTL_FAST_MATH = YES;
				SDKROOT = iphoneos;
				SWIFT_COMPILATION_MODE = wholemodule;
				VALIDATE_PRODUCT = YES;
			};
			name = Release;
		};
		CBB1A95D2CF4FD0400A77E9F /* Debug */ = {
			isa = XCBuildConfiguration;
			buildSettings = {
				ASSETCATALOG_COMPILER_APPICON_NAME = AppIcon;
				ASSETCATALOG_COMPILER_GLOBAL_ACCENT_COLOR_NAME = AccentColor;
				CODE_SIGN_STYLE = Automatic;
				CURRENT_PROJECT_VERSION = 1;
				DEVELOPMENT_TEAM = SD8K6LV4W9;
				GENERATE_INFOPLIST_FILE = YES;
				INFOPLIST_FILE = ScreenCheckerPrototype/App/Info.plist;
				INFOPLIST_KEY_UIApplicationSupportsIndirectInputEvents = YES;
				INFOPLIST_KEY_UILaunchStoryboardName = LaunchScreen;
				INFOPLIST_KEY_UISupportedInterfaceOrientations_iPad = "UIInterfaceOrientationPortrait UIInterfaceOrientationPortraitUpsideDown UIInterfaceOrientationLandscapeLeft UIInterfaceOrientationLandscapeRight";
				INFOPLIST_KEY_UISupportedInterfaceOrientations_iPhone = "UIInterfaceOrientationPortrait UIInterfaceOrientationLandscapeLeft UIInterfaceOrientationLandscapeRight";
				IPHONEOS_DEPLOYMENT_TARGET = 16.0;
				LD_RUNPATH_SEARCH_PATHS = (
					"$(inherited)",
					"@executable_path/Frameworks",
				);
				MARKETING_VERSION = 1.0;
				PRODUCT_BUNDLE_IDENTIFIER = artem.ScreenCheckerPrototype;
				PRODUCT_NAME = "$(TARGET_NAME)";
				SWIFT_EMIT_LOC_STRINGS = YES;
				SWIFT_VERSION = 5.0;
				TARGETED_DEVICE_FAMILY = "1,2";
			};
			name = Debug;
		};
		CBB1A95E2CF4FD0400A77E9F /* Release */ = {
			isa = XCBuildConfiguration;
			buildSettings = {
				ASSETCATALOG_COMPILER_APPICON_NAME = AppIcon;
				ASSETCATALOG_COMPILER_GLOBAL_ACCENT_COLOR_NAME = AccentColor;
				CODE_SIGN_STYLE = Automatic;
				CURRENT_PROJECT_VERSION = 1;
				DEVELOPMENT_TEAM = SD8K6LV4W9;
				GENERATE_INFOPLIST_FILE = YES;
				INFOPLIST_FILE = ScreenCheckerPrototype/App/Info.plist;
				INFOPLIST_KEY_UIApplicationSupportsIndirectInputEvents = YES;
				INFOPLIST_KEY_UILaunchStoryboardName = LaunchScreen;
				INFOPLIST_KEY_UISupportedInterfaceOrientations_iPad = "UIInterfaceOrientationPortrait UIInterfaceOrientationPortraitUpsideDown UIInterfaceOrientationLandscapeLeft UIInterfaceOrientationLandscapeRight";
				INFOPLIST_KEY_UISupportedInterfaceOrientations_iPhone = "UIInterfaceOrientationPortrait UIInterfaceOrientationLandscapeLeft UIInterfaceOrientationLandscapeRight";
				IPHONEOS_DEPLOYMENT_TARGET = 16.0;
				LD_RUNPATH_SEARCH_PATHS = (
					"$(inherited)",
					"@executable_path/Frameworks",
				);
				MARKETING_VERSION = 1.0;
				PRODUCT_BUNDLE_IDENTIFIER = artem.ScreenCheckerPrototype;
				PRODUCT_NAME = "$(TARGET_NAME)";
				SWIFT_EMIT_LOC_STRINGS = YES;
				SWIFT_VERSION = 5.0;
				TARGETED_DEVICE_FAMILY = "1,2";
			};
			name = Release;
		};
/* End XCBuildConfiguration section */

/* Begin XCConfigurationList section */
		CBB1A9432CF4FD0000A77E9F /* Build configuration list for PBXProject "ScreenCheckerPrototype" */ = {
			isa = XCConfigurationList;
			buildConfigurations = (
				CBB1A95A2CF4FD0400A77E9F /* Debug */,
				CBB1A95B2CF4FD0400A77E9F /* Release */,
			);
			defaultConfigurationIsVisible = 0;
			defaultConfigurationName = Release;
		};
		CBB1A95C2CF4FD0400A77E9F /* Build configuration list for PBXNativeTarget "ScreenCheckerPrototype" */ = {
			isa = XCConfigurationList;
			buildConfigurations = (
				CBB1A95D2CF4FD0400A77E9F /* Debug */,
				CBB1A95E2CF4FD0400A77E9F /* Release */,
			);
			defaultConfigurationIsVisible = 0;
			defaultConfigurationName = Release;
		};
/* End XCConfigurationList section */
	};
	rootObject = CBB1A9402CF4FD0000A77E9F /* Project object */;
}
